// !$*UTF8*$!
{
	archiveVersion = 1;
	classes = {
	};
	objectVersion = 51;
	objects = {

/* Begin PBXBuildFile section */
		2E313CBB24C3797900E2674C /* AppDelegate.swift in Sources */ = {isa = PBXBuildFile; fileRef = 2E313CBA24C3797900E2674C /* AppDelegate.swift */; };
		2E313CBD24C3797900E2674C /* SceneDelegate.swift in Sources */ = {isa = PBXBuildFile; fileRef = 2E313CBC24C3797900E2674C /* SceneDelegate.swift */; };
		2E313CBF24C3797900E2674C /* CalendarDisplay.swift in Sources */ = {isa = PBXBuildFile; fileRef = 2E313CBE24C3797900E2674C /* CalendarDisplay.swift */; };
		2E313CC424C3797B00E2674C /* Assets.xcassets in Resources */ = {isa = PBXBuildFile; fileRef = 2E313CC324C3797B00E2674C /* Assets.xcassets */; };
		2E313CC724C3797B00E2674C /* LaunchScreen.storyboard in Resources */ = {isa = PBXBuildFile; fileRef = 2E313CC524C3797B00E2674C /* LaunchScreen.storyboard */; };
		2E4372DB24DF682F007DF32B /* Extensions.swift in Sources */ = {isa = PBXBuildFile; fileRef = 2E4372DA24DF682F007DF32B /* Extensions.swift */; };
		2ED95C9224C767ED003C598B /* CalendarViewController.swift in Sources */ = {isa = PBXBuildFile; fileRef = 2ED95C9124C767ED003C598B /* CalendarViewController.swift */; };
		DED73D9E5424489CBAF2228A /* Pods_Resonance.framework in Frameworks */ = {isa = PBXBuildFile; fileRef = 34F246A69B4CE65E4CD909F2 /* Pods_Resonance.framework */; };
/* End PBXBuildFile section */

/* Begin PBXFileReference section */
		2E313CB724C3797900E2674C /* Resonance.app */ = {isa = PBXFileReference; explicitFileType = wrapper.application; includeInIndex = 0; path = Resonance.app; sourceTree = BUILT_PRODUCTS_DIR; };
		2E313CBA24C3797900E2674C /* AppDelegate.swift */ = {isa = PBXFileReference; lastKnownFileType = sourcecode.swift; path = AppDelegate.swift; sourceTree = "<group>"; };
		2E313CBC24C3797900E2674C /* SceneDelegate.swift */ = {isa = PBXFileReference; lastKnownFileType = sourcecode.swift; path = SceneDelegate.swift; sourceTree = "<group>"; };
		2E313CBE24C3797900E2674C /* CalendarDisplay.swift */ = {isa = PBXFileReference; lastKnownFileType = sourcecode.swift; path = CalendarDisplay.swift; sourceTree = "<group>"; };
		2E313CC324C3797B00E2674C /* Assets.xcassets */ = {isa = PBXFileReference; lastKnownFileType = folder.assetcatalog; path = Assets.xcassets; sourceTree = "<group>"; };
		2E313CC624C3797B00E2674C /* Base */ = {isa = PBXFileReference; lastKnownFileType = file.storyboard; name = Base; path = Base.lproj/LaunchScreen.storyboard; sourceTree = "<group>"; };
		2E313CC824C3797B00E2674C /* Info.plist */ = {isa = PBXFileReference; lastKnownFileType = text.plist.xml; path = Info.plist; sourceTree = "<group>"; };
		2E4372DA24DF682F007DF32B /* Extensions.swift */ = {isa = PBXFileReference; lastKnownFileType = sourcecode.swift; path = Extensions.swift; sourceTree = "<group>"; };
		2ED95C9124C767ED003C598B /* CalendarViewController.swift */ = {isa = PBXFileReference; lastKnownFileType = sourcecode.swift; path = CalendarViewController.swift; sourceTree = "<group>"; };
		34F246A69B4CE65E4CD909F2 /* Pods_Resonance.framework */ = {isa = PBXFileReference; explicitFileType = wrapper.framework; includeInIndex = 0; path = Pods_Resonance.framework; sourceTree = BUILT_PRODUCTS_DIR; };
		61EEE58F8E7CB0E3E7391A09 /* Pods-Resonance.debug.xcconfig */ = {isa = PBXFileReference; includeInIndex = 1; lastKnownFileType = text.xcconfig; name = "Pods-Resonance.debug.xcconfig"; path = "Target Support Files/Pods-Resonance/Pods-Resonance.debug.xcconfig"; sourceTree = "<group>"; };
		D00EE6F0689FE7C7A6C0380E /* Pods-Resonance.release.xcconfig */ = {isa = PBXFileReference; includeInIndex = 1; lastKnownFileType = text.xcconfig; name = "Pods-Resonance.release.xcconfig"; path = "Target Support Files/Pods-Resonance/Pods-Resonance.release.xcconfig"; sourceTree = "<group>"; };
/* End PBXFileReference section */

/* Begin PBXFrameworksBuildPhase section */
		2E313CB424C3797900E2674C /* Frameworks */ = {
			isa = PBXFrameworksBuildPhase;
			buildActionMask = 2147483647;
			files = (
				DED73D9E5424489CBAF2228A /* Pods_Resonance.framework in Frameworks */,
			);
			runOnlyForDeploymentPostprocessing = 0;
		};
/* End PBXFrameworksBuildPhase section */

/* Begin PBXGroup section */
		2646B7004A95EF32F042EBA4 /* Frameworks */ = {
			isa = PBXGroup;
			children = (
				34F246A69B4CE65E4CD909F2 /* Pods_Resonance.framework */,
			);
			name = Frameworks;
			sourceTree = "<group>";
		};
		2E313CAE24C3797900E2674C = {
			isa = PBXGroup;
			children = (
				2E313CB924C3797900E2674C /* Resonance */,
				2E313CB824C3797900E2674C /* Products */,
				42638222F716B52C5B5E2EB9 /* Pods */,
				2646B7004A95EF32F042EBA4 /* Frameworks */,
			);
			sourceTree = "<group>";
		};
		2E313CB824C3797900E2674C /* Products */ = {
			isa = PBXGroup;
			children = (
				2E313CB724C3797900E2674C /* Resonance.app */,
			);
			name = Products;
			sourceTree = "<group>";
		};
		2E313CB924C3797900E2674C /* Resonance */ = {
			isa = PBXGroup;
			children = (
				2E313CCE24C37E1F00E2674C /* Model */,
				2E313CCF24C37E2600E2674C /* View */,
				2E313CD024C37E2E00E2674C /* Controller */,
				2E313CBE24C3797900E2674C /* CalendarDisplay.swift */,
				2E4372DA24DF682F007DF32B /* Extensions.swift */,
				2ED95C9124C767ED003C598B /* CalendarViewController.swift */,
				2E313CBA24C3797900E2674C /* AppDelegate.swift */,
				2E313CBC24C3797900E2674C /* SceneDelegate.swift */,
				2E313CC324C3797B00E2674C /* Assets.xcassets */,
				2E313CC524C3797B00E2674C /* LaunchScreen.storyboard */,
				2E313CC824C3797B00E2674C /* Info.plist */,
			);
			path = Resonance;
			sourceTree = "<group>";
		};
		2E313CCE24C37E1F00E2674C /* Model */ = {
			isa = PBXGroup;
			children = (
			);
			path = Model;
			sourceTree = "<group>";
		};
		2E313CCF24C37E2600E2674C /* View */ = {
			isa = PBXGroup;
			children = (
			);
			path = View;
			sourceTree = "<group>";
		};
		2E313CD024C37E2E00E2674C /* Controller */ = {
			isa = PBXGroup;
			children = (
			);
			path = Controller;
			sourceTree = "<group>";
		};
		42638222F716B52C5B5E2EB9 /* Pods */ = {
			isa = PBXGroup;
			children = (
				61EEE58F8E7CB0E3E7391A09 /* Pods-Resonance.debug.xcconfig */,
				D00EE6F0689FE7C7A6C0380E /* Pods-Resonance.release.xcconfig */,
			);
			path = Pods;
			sourceTree = "<group>";
		};
/* End PBXGroup section */

/* Begin PBXNativeTarget section */
		2E313CB624C3797900E2674C /* Resonance */ = {
			isa = PBXNativeTarget;
			buildConfigurationList = 2E313CCB24C3797B00E2674C /* Build configuration list for PBXNativeTarget "Resonance" */;
			buildPhases = (
				7C41E4295AB3CD02F6A60094 /* [CP] Check Pods Manifest.lock */,
				2E313CB324C3797900E2674C /* Sources */,
				2E313CB424C3797900E2674C /* Frameworks */,
				2E313CB524C3797900E2674C /* Resources */,
				084273435860A8B27C955D28 /* [CP] Embed Pods Frameworks */,
			);
			buildRules = (
			);
			dependencies = (
			);
			name = Resonance;
			productName = Resonance;
			productReference = 2E313CB724C3797900E2674C /* Resonance.app */;
			productType = "com.apple.product-type.application";
		};
/* End PBXNativeTarget section */

/* Begin PBXProject section */
		2E313CAF24C3797900E2674C /* Project object */ = {
			isa = PBXProject;
			attributes = {
				LastSwiftUpdateCheck = 1160;
				LastUpgradeCheck = 1160;
				ORGANIZATIONNAME = "Zach Terrell";
				TargetAttributes = {
					2E313CB624C3797900E2674C = {
						CreatedOnToolsVersion = 11.6;
					};
				};
			};
			buildConfigurationList = 2E313CB224C3797900E2674C /* Build configuration list for PBXProject "Resonance" */;
			compatibilityVersion = "Xcode 9.3";
			developmentRegion = en;
			hasScannedForEncodings = 0;
			knownRegions = (
				en,
				Base,
			);
			mainGroup = 2E313CAE24C3797900E2674C;
			productRefGroup = 2E313CB824C3797900E2674C /* Products */;
			projectDirPath = "";
			projectRoot = "";
			targets = (
				2E313CB624C3797900E2674C /* Resonance */,
			);
		};
/* End PBXProject section */

/* Begin PBXResourcesBuildPhase section */
		2E313CB524C3797900E2674C /* Resources */ = {
			isa = PBXResourcesBuildPhase;
			buildActionMask = 2147483647;
			files = (
				2E313CC724C3797B00E2674C /* LaunchScreen.storyboard in Resources */,
				2E313CC424C3797B00E2674C /* Assets.xcassets in Resources */,
			);
			runOnlyForDeploymentPostprocessing = 0;
		};
/* End PBXResourcesBuildPhase section */

/* Begin PBXShellScriptBuildPhase section */
		084273435860A8B27C955D28 /* [CP] Embed Pods Frameworks */ = {
			isa = PBXShellScriptBuildPhase;
			buildActionMask = 2147483647;
			files = (
			);
			inputFileListPaths = (
				"${PODS_ROOT}/Target Support Files/Pods-Resonance/Pods-Resonance-frameworks-${CONFIGURATION}-input-files.xcfilelist",
			);
			name = "[CP] Embed Pods Frameworks";
			outputFileListPaths = (
				"${PODS_ROOT}/Target Support Files/Pods-Resonance/Pods-Resonance-frameworks-${CONFIGURATION}-output-files.xcfilelist",
			);
			runOnlyForDeploymentPostprocessing = 0;
			shellPath = /bin/sh;
			shellScript = "\"${PODS_ROOT}/Target Support Files/Pods-Resonance/Pods-Resonance-frameworks.sh\"\n";
			showEnvVarsInLog = 0;
		};
		7C41E4295AB3CD02F6A60094 /* [CP] Check Pods Manifest.lock */ = {
			isa = PBXShellScriptBuildPhase;
			buildActionMask = 2147483647;
			files = (
			);
			inputFileListPaths = (
			);
			inputPaths = (
				"${PODS_PODFILE_DIR_PATH}/Podfile.lock",
				"${PODS_ROOT}/Manifest.lock",
			);
			name = "[CP] Check Pods Manifest.lock";
			outputFileListPaths = (
			);
			outputPaths = (
				"$(DERIVED_FILE_DIR)/Pods-Resonance-checkManifestLockResult.txt",
			);
			runOnlyForDeploymentPostprocessing = 0;
			shellPath = /bin/sh;
			shellScript = "diff \"${PODS_PODFILE_DIR_PATH}/Podfile.lock\" \"${PODS_ROOT}/Manifest.lock\" > /dev/null\nif [ $? != 0 ] ; then\n    # print error to STDERR\n    echo \"error: The sandbox is not in sync with the Podfile.lock. Run 'pod install' or update your CocoaPods installation.\" >&2\n    exit 1\nfi\n# This output is used by Xcode 'outputs' to avoid re-running this script phase.\necho \"SUCCESS\" > \"${SCRIPT_OUTPUT_FILE_0}\"\n";
			showEnvVarsInLog = 0;
		};
/* End PBXShellScriptBuildPhase section */

/* Begin PBXSourcesBuildPhase section */
		2E313CB324C3797900E2674C /* Sources */ = {
			isa = PBXSourcesBuildPhase;
			buildActionMask = 2147483647;
			files = (
				2E4372DB24DF682F007DF32B /* Extensions.swift in Sources */,
				2E313CBF24C3797900E2674C /* CalendarDisplay.swift in Sources */,
				2E313CBB24C3797900E2674C /* AppDelegate.swift in Sources */,
				2E313CBD24C3797900E2674C /* SceneDelegate.swift in Sources */,
				2ED95C9224C767ED003C598B /* CalendarViewController.swift in Sources */,
			);
			runOnlyForDeploymentPostprocessing = 0;
		};
/* End PBXSourcesBuildPhase section */

/* Begin PBXVariantGroup section */
		2E313CC524C3797B00E2674C /* LaunchScreen.storyboard */ = {
			isa = PBXVariantGroup;
			children = (
				2E313CC624C3797B00E2674C /* Base */,
			);
			name = LaunchScreen.storyboard;
			sourceTree = "<group>";
		};
/* End PBXVariantGroup section */

/* Begin XCBuildConfiguration section */
		2E313CC924C3797B00E2674C /* Debug */ = {
			isa = XCBuildConfiguration;
			buildSettings = {
				ALWAYS_SEARCH_USER_PATHS = NO;
				CLANG_ANALYZER_NONNULL = YES;
				CLANG_ANALYZER_NUMBER_OBJECT_CONVERSION = YES_AGGRESSIVE;
				CLANG_CXX_LANGUAGE_STANDARD = "gnu++14";
				CLANG_CXX_LIBRARY = "libc++";
				CLANG_ENABLE_MODULES = YES;
				CLANG_ENABLE_OBJC_ARC = YES;
				CLANG_ENABLE_OBJC_WEAK = YES;
				CLANG_WARN_BLOCK_CAPTURE_AUTORELEASING = YES;
				CLANG_WARN_BOOL_CONVERSION = YES;
				CLANG_WARN_COMMA = YES;
				CLANG_WARN_CONSTANT_CONVERSION = YES;
				CLANG_WARN_DEPRECATED_OBJC_IMPLEMENTATIONS = YES;
				CLANG_WARN_DIRECT_OBJC_ISA_USAGE = YES_ERROR;
				CLANG_WARN_DOCUMENTATION_COMMENTS = YES;
				CLANG_WARN_EMPTY_BODY = YES;
				CLANG_WARN_ENUM_CONVERSION = YES;
				CLANG_WARN_INFINITE_RECURSION = YES;
				CLANG_WARN_INT_CONVERSION = YES;
				CLANG_WARN_NON_LITERAL_NULL_CONVERSION = YES;
				CLANG_WARN_OBJC_IMPLICIT_RETAIN_SELF = YES;
				CLANG_WARN_OBJC_LITERAL_CONVERSION = YES;
				CLANG_WARN_OBJC_ROOT_CLASS = YES_ERROR;
				CLANG_WARN_RANGE_LOOP_ANALYSIS = YES;
				CLANG_WARN_STRICT_PROTOTYPES = YES;
				CLANG_WARN_SUSPICIOUS_MOVE = YES;
				CLANG_WARN_UNGUARDED_AVAILABILITY = YES_AGGRESSIVE;
				CLANG_WARN_UNREACHABLE_CODE = YES;
				CLANG_WARN__DUPLICATE_METHOD_MATCH = YES;
				COPY_PHASE_STRIP = NO;
				DEBUG_INFORMATION_FORMAT = dwarf;
				ENABLE_STRICT_OBJC_MSGSEND = YES;
				ENABLE_TESTABILITY = YES;
				GCC_C_LANGUAGE_STANDARD = gnu11;
				GCC_DYNAMIC_NO_PIC = NO;
				GCC_NO_COMMON_BLOCKS = YES;
				GCC_OPTIMIZATION_LEVEL = 0;
				GCC_PREPROCESSOR_DEFINITIONS = (
					"DEBUG=1",
					"$(inherited)",
				);
				GCC_WARN_64_TO_32_BIT_CONVERSION = YES;
				GCC_WARN_ABOUT_RETURN_TYPE = YES_ERROR;
				GCC_WARN_UNDECLARED_SELECTOR = YES;
				GCC_WARN_UNINITIALIZED_AUTOS = YES_AGGRESSIVE;
				GCC_WARN_UNUSED_FUNCTION = YES;
				GCC_WARN_UNUSED_VARIABLE = YES;
				IPHONEOS_DEPLOYMENT_TARGET = 13.6;
				MTL_ENABLE_DEBUG_INFO = INCLUDE_SOURCE;
				MTL_FAST_MATH = YES;
				ONLY_ACTIVE_ARCH = YES;
				SDKROOT = iphoneos;
				SWIFT_ACTIVE_COMPILATION_CONDITIONS = DEBUG;
				SWIFT_OPTIMIZATION_LEVEL = "-Onone";
			};
			name = Debug;
		};
		2E313CCA24C3797B00E2674C /* Release */ = {
			isa = XCBuildConfiguration;
			buildSettings = {
				ALWAYS_SEARCH_USER_PATHS = NO;
				CLANG_ANALYZER_NONNULL = YES;
				CLANG_ANALYZER_NUMBER_OBJECT_CONVERSION = YES_AGGRESSIVE;
				CLANG_CXX_LANGUAGE_STANDARD = "gnu++14";
				CLANG_CXX_LIBRARY = "libc++";
				CLANG_ENABLE_MODULES = YES;
				CLANG_ENABLE_OBJC_ARC = YES;
				CLANG_ENABLE_OBJC_WEAK = YES;
				CLANG_WARN_BLOCK_CAPTURE_AUTORELEASING = YES;
				CLANG_WARN_BOOL_CONVERSION = YES;
				CLANG_WARN_COMMA = YES;
				CLANG_WARN_CONSTANT_CONVERSION = YES;
				CLANG_WARN_DEPRECATED_OBJC_IMPLEMENTATIONS = YES;
				CLANG_WARN_DIRECT_OBJC_ISA_USAGE = YES_ERROR;
				CLANG_WARN_DOCUMENTATION_COMMENTS = YES;
				CLANG_WARN_EMPTY_BODY = YES;
				CLANG_WARN_ENUM_CONVERSION = YES;
				CLANG_WARN_INFINITE_RECURSION = YES;
				CLANG_WARN_INT_CONVERSION = YES;
				CLANG_WARN_NON_LITERAL_NULL_CONVERSION = YES;
				CLANG_WARN_OBJC_IMPLICIT_RETAIN_SELF = YES;
				CLANG_WARN_OBJC_LITERAL_CONVERSION = YES;
				CLANG_WARN_OBJC_ROOT_CLASS = YES_ERROR;
				CLANG_WARN_RANGE_LOOP_ANALYSIS = YES;
				CLANG_WARN_STRICT_PROTOTYPES = YES;
				CLANG_WARN_SUSPICIOUS_MOVE = YES;
				CLANG_WARN_UNGUARDED_AVAILABILITY = YES_AGGRESSIVE;
				CLANG_WARN_UNREACHABLE_CODE = YES;
				CLANG_WARN__DUPLICATE_METHOD_MATCH = YES;
				COPY_PHASE_STRIP = NO;
				DEBUG_INFORMATION_FORMAT = "dwarf-with-dsym";
				ENABLE_NS_ASSERTIONS = NO;
				ENABLE_STRICT_OBJC_MSGSEND = YES;
				GCC_C_LANGUAGE_STANDARD = gnu11;
				GCC_NO_COMMON_BLOCKS = YES;
				GCC_WARN_64_TO_32_BIT_CONVERSION = YES;
				GCC_WARN_ABOUT_RETURN_TYPE = YES_ERROR;
				GCC_WARN_UNDECLARED_SELECTOR = YES;
				GCC_WARN_UNINITIALIZED_AUTOS = YES_AGGRESSIVE;
				GCC_WARN_UNUSED_FUNCTION = YES;
				GCC_WARN_UNUSED_VARIABLE = YES;
				IPHONEOS_DEPLOYMENT_TARGET = 13.6;
				MTL_ENABLE_DEBUG_INFO = NO;
				MTL_FAST_MATH = YES;
				SDKROOT = iphoneos;
				SWIFT_COMPILATION_MODE = wholemodule;
				SWIFT_OPTIMIZATION_LEVEL = "-O";
				VALIDATE_PRODUCT = YES;
			};
			name = Release;
		};
		2E313CCC24C3797B00E2674C /* Debug */ = {
			isa = XCBuildConfiguration;
			baseConfigurationReference = 61EEE58F8E7CB0E3E7391A09 /* Pods-Resonance.debug.xcconfig */;
			buildSettings = {
				ASSETCATALOG_COMPILER_APPICON_NAME = AppIcon;
				CODE_SIGN_STYLE = Automatic;
				DEVELOPMENT_TEAM = 25P22K2K3W;
				INFOPLIST_FILE = Resonance/Info.plist;
				LD_RUNPATH_SEARCH_PATHS = (
					"$(inherited)",
					"@executable_path/Frameworks",
				);
				PRODUCT_BUNDLE_IDENTIFIER = com.example.Resonance;
				PRODUCT_NAME = "$(TARGET_NAME)";
				SWIFT_VERSION = 5.0;
				TARGETED_DEVICE_FAMILY = 1;
			};
			name = Debug;
		};
		2E313CCD24C3797B00E2674C /* Release */ = {
			isa = XCBuildConfiguration;
			baseConfigurationReference = D00EE6F0689FE7C7A6C0380E /* Pods-Resonance.release.xcconfig */;
			buildSettings = {
				ASSETCATALOG_COMPILER_APPICON_NAME = AppIcon;
				CODE_SIGN_STYLE = Automatic;
				DEVELOPMENT_TEAM = 25P22K2K3W;
				INFOPLIST_FILE = Resonance/Info.plist;
				LD_RUNPATH_SEARCH_PATHS = (
					"$(inherited)",
					"@executable_path/Frameworks",
				);
				PRODUCT_BUNDLE_IDENTIFIER = com.example.Resonance;
				PRODUCT_NAME = "$(TARGET_NAME)";
				SWIFT_VERSION = 5.0;
				TARGETED_DEVICE_FAMILY = 1;
			};
			name = Release;
		};
/* End XCBuildConfiguration section */

/* Begin XCConfigurationList section */
		2E313CB224C3797900E2674C /* Build configuration list for PBXProject "Resonance" */ = {
			isa = XCConfigurationList;
			buildConfigurations = (
				2E313CC924C3797B00E2674C /* Debug */,
				2E313CCA24C3797B00E2674C /* Release */,
			);
			defaultConfigurationIsVisible = 0;
			defaultConfigurationName = Release;
		};
		2E313CCB24C3797B00E2674C /* Build configuration list for PBXNativeTarget "Resonance" */ = {
			isa = XCConfigurationList;
			buildConfigurations = (
				2E313CCC24C3797B00E2674C /* Debug */,
				2E313CCD24C3797B00E2674C /* Release */,
			);
			defaultConfigurationIsVisible = 0;
			defaultConfigurationName = Release;
		};
/* End XCConfigurationList section */
	};
	rootObject = 2E313CAF24C3797900E2674C /* Project object */;
}
